
Microsoft Visual Studio Solution File, Format Version 12.00
# Visual Studio Version 17
VisualStudioVersion = 17.7.34031.279
MinimumVisualStudioVersion = 10.0.40219.1
Project("{6EC3EE1D-3C4E-46DD-8F32-0CC8E7565705}") = "Assignment4", "Assignment4\Assignment4.fsproj", "{F59E9D4F-7628-4031-819E-5C8755F2167D}"
EndProject
Project("{6EC3EE1D-3C4E-46DD-8F32-0CC8E7565705}") = "Assignment1", "Assignment1\Assignment1.fsproj", "{EC6AB1E7-7EB3-4049-9835-3739C47C38C4}"
EndProject
Project("{6EC3EE1D-3C4E-46DD-8F32-0CC8E7565705}") = "Assignment2", "Assignment2\Assignment2.fsproj", "{F42907E7-2A40-4992-B9DF-256970E025BE}"
EndProject
Project("{6EC3EE1D-3C4E-46DD-8F32-0CC8E7565705}") = "Assignment3", "Assignment3\Assignment3.fsproj", "{15A83E8B-CC8C-43D9-BB92-0E10A88924F0}"
EndProject
Project("{F2A71F9B-5D33-465A-A702-920D77279786}") = "Assignment5", "Assignment5\Assignment5.fsproj", "{17128204-0416-4502-8536-E6D223816F6C}"
EndProject
Global
	GlobalSection(SolutionConfigurationPlatforms) = preSolution
		Debug|Any CPU = Debug|Any CPU
		Release|Any CPU = Release|Any CPU
	EndGlobalSection
	GlobalSection(ProjectConfigurationPlatforms) = postSolution
		{F59E9D4F-7628-4031-819E-5C8755F2167D}.Debug|Any CPU.ActiveCfg = Debug|Any CPU
		{F59E9D4F-7628-4031-819E-5C8755F2167D}.Debug|Any CPU.Build.0 = Debug|Any CPU
		{F59E9D4F-7628-4031-819E-5C8755F2167D}.Release|Any CPU.ActiveCfg = Release|Any CPU
		{F59E9D4F-7628-4031-819E-5C8755F2167D}.Release|Any CPU.Build.0 = Release|Any CPU
		{EC6AB1E7-7EB3-4049-9835-3739C47C38C4}.Debug|Any CPU.ActiveCfg = Debug|Any CPU
		{EC6AB1E7-7EB3-4049-9835-3739C47C38C4}.Debug|Any CPU.Build.0 = Debug|Any CPU
		{EC6AB1E7-7EB3-4049-9835-3739C47C38C4}.Release|Any CPU.ActiveCfg = Release|Any CPU
		{EC6AB1E7-7EB3-4049-9835-3739C47C38C4}.Release|Any CPU.Build.0 = Release|Any CPU
		{F42907E7-2A40-4992-B9DF-256970E025BE}.Debug|Any CPU.ActiveCfg = Debug|Any CPU
		{F42907E7-2A40-4992-B9DF-256970E025BE}.Debug|Any CPU.Build.0 = Debug|Any CPU
		{F42907E7-2A40-4992-B9DF-256970E025BE}.Release|Any CPU.ActiveCfg = Release|Any CPU
		{F42907E7-2A40-4992-B9DF-256970E025BE}.Release|Any CPU.Build.0 = Release|Any CPU
		{15A83E8B-CC8C-43D9-BB92-0E10A88924F0}.Debug|Any CPU.ActiveCfg = Debug|Any CPU
		{15A83E8B-CC8C-43D9-BB92-0E10A88924F0}.Debug|Any CPU.Build.0 = Debug|Any CPU
		{15A83E8B-CC8C-43D9-BB92-0E10A88924F0}.Release|Any CPU.ActiveCfg = Release|Any CPU
		{15A83E8B-CC8C-43D9-BB92-0E10A88924F0}.Release|Any CPU.Build.0 = Release|Any CPU
		{17128204-0416-4502-8536-E6D223816F6C}.Debug|Any CPU.ActiveCfg = Debug|Any CPU
		{17128204-0416-4502-8536-E6D223816F6C}.Debug|Any CPU.Build.0 = Debug|Any CPU
		{17128204-0416-4502-8536-E6D223816F6C}.Release|Any CPU.ActiveCfg = Release|Any CPU
		{17128204-0416-4502-8536-E6D223816F6C}.Release|Any CPU.Build.0 = Release|Any CPU
	EndGlobalSection
	GlobalSection(SolutionProperties) = preSolution
		HideSolutionNode = FALSE
	EndGlobalSection
	GlobalSection(ExtensibilityGlobals) = postSolution
		SolutionGuid = {D5922C01-392B-4F90-B649-5FC557E71027}
	EndGlobalSection
EndGlobal
